
Microsoft Visual Studio Solution File, Format Version 12.00
# Visual Studio 2013
VisualStudioVersion = 12.0.30501.0
MinimumVisualStudioVersion = 10.0.40219.1
Project("{FAE04EC0-301F-11D3-BF4B-00C04F79EFBC}") = "DSDIndestructibles3.Web", "DSDIndestructibles3.Web\DSDIndestructibles3.Web.csproj", "{65C62153-F34A-405D-A3E8-384D04478864}"
	ProjectSection(ProjectDependencies) = postProject
		{130EC5DE-1AAE-4E50-B6D6-42B8194EA4F5} = {130EC5DE-1AAE-4E50-B6D6-42B8194EA4F5}
	EndProjectSection
EndProject
Project("{FAE04EC0-301F-11D3-BF4B-00C04F79EFBC}") = "DSDIndestructibles3.DTO", "DSDIndestructibles3.Entities\DSDIndestructibles3.DTO.csproj", "{C0C1C19C-C60A-4C83-8BBA-14BE56159AC5}"
EndProject
Project("{FAE04EC0-301F-11D3-BF4B-00C04F79EFBC}") = "DSDIndestructibles3.Service", "DSDIndestructibles3.Service\DSDIndestructibles3.Service.csproj", "{130EC5DE-1AAE-4E50-B6D6-42B8194EA4F5}"
EndProject
Project("{FAE04EC0-301F-11D3-BF4B-00C04F79EFBC}") = "DSDIndestructibles3.Datos", "DSDIndestructibles3.Datos\DSDIndestructibles3.Datos.csproj", "{61FB6F63-E9B9-4BAC-8B0F-048C62330DED}"
EndProject
Project("{FAE04EC0-301F-11D3-BF4B-00C04F79EFBC}") = "DSDIndestructibles3.Test", "DSDIndestructibles3.Test\DSDIndestructibles3.Test.csproj", "{D946EDE3-4069-457F-AA56-EA0B38B15628}"
	ProjectSection(ProjectDependencies) = postProject
		{130EC5DE-1AAE-4E50-B6D6-42B8194EA4F5} = {130EC5DE-1AAE-4E50-B6D6-42B8194EA4F5}
	EndProjectSection
EndProject
Project("{2150E333-8FDC-42A3-9474-1A3956D46DE8}") = ".nuget", ".nuget", "{28BF1379-231A-4E77-AB78-04097D86A769}"
	ProjectSection(SolutionItems) = preProject
		.nuget\NuGet.Config = .nuget\NuGet.Config
		.nuget\NuGet.exe = .nuget\NuGet.exe
		.nuget\NuGet.targets = .nuget\NuGet.targets
	EndProjectSection
EndProject
Global
	GlobalSection(SolutionConfigurationPlatforms) = preSolution
		Debug|Any CPU = Debug|Any CPU
		Release|Any CPU = Release|Any CPU
	EndGlobalSection
	GlobalSection(ProjectConfigurationPlatforms) = postSolution
		{65C62153-F34A-405D-A3E8-384D04478864}.Debug|Any CPU.ActiveCfg = Debug|Any CPU
		{65C62153-F34A-405D-A3E8-384D04478864}.Debug|Any CPU.Build.0 = Debug|Any CPU
		{65C62153-F34A-405D-A3E8-384D04478864}.Release|Any CPU.ActiveCfg = Release|Any CPU
		{65C62153-F34A-405D-A3E8-384D04478864}.Release|Any CPU.Build.0 = Release|Any CPU
		{C0C1C19C-C60A-4C83-8BBA-14BE56159AC5}.Debug|Any CPU.ActiveCfg = Debug|Any CPU
		{C0C1C19C-C60A-4C83-8BBA-14BE56159AC5}.Debug|Any CPU.Build.0 = Debug|Any CPU
		{C0C1C19C-C60A-4C83-8BBA-14BE56159AC5}.Release|Any CPU.ActiveCfg = Release|Any CPU
		{C0C1C19C-C60A-4C83-8BBA-14BE56159AC5}.Release|Any CPU.Build.0 = Release|Any CPU
		{130EC5DE-1AAE-4E50-B6D6-42B8194EA4F5}.Debug|Any CPU.ActiveCfg = Debug|Any CPU
		{130EC5DE-1AAE-4E50-B6D6-42B8194EA4F5}.Debug|Any CPU.Build.0 = Debug|Any CPU
		{130EC5DE-1AAE-4E50-B6D6-42B8194EA4F5}.Release|Any CPU.ActiveCfg = Release|Any CPU
		{130EC5DE-1AAE-4E50-B6D6-42B8194EA4F5}.Release|Any CPU.Build.0 = Release|Any CPU
		{61FB6F63-E9B9-4BAC-8B0F-048C62330DED}.Debug|Any CPU.ActiveCfg = Debug|Any CPU
		{61FB6F63-E9B9-4BAC-8B0F-048C62330DED}.Debug|Any CPU.Build.0 = Debug|Any CPU
		{61FB6F63-E9B9-4BAC-8B0F-048C62330DED}.Release|Any CPU.ActiveCfg = Release|Any CPU
		{61FB6F63-E9B9-4BAC-8B0F-048C62330DED}.Release|Any CPU.Build.0 = Release|Any CPU
		{D946EDE3-4069-457F-AA56-EA0B38B15628}.Debug|Any CPU.ActiveCfg = Debug|Any CPU
		{D946EDE3-4069-457F-AA56-EA0B38B15628}.Debug|Any CPU.Build.0 = Debug|Any CPU
		{D946EDE3-4069-457F-AA56-EA0B38B15628}.Release|Any CPU.ActiveCfg = Release|Any CPU
		{D946EDE3-4069-457F-AA56-EA0B38B15628}.Release|Any CPU.Build.0 = Release|Any CPU
	EndGlobalSection
	GlobalSection(SolutionProperties) = preSolution
		HideSolutionNode = FALSE
	EndGlobalSection
EndGlobal
