
Microsoft Visual Studio Solution File, Format Version 12.00
# Visual Studio 2013
VisualStudioVersion = 12.0.30501.0
MinimumVisualStudioVersion = 10.0.40219.1
Project("{FAE04EC0-301F-11D3-BF4B-00C04F79EFBC}") = "DSDIndestructibles3.Web", "DSDIndestructibles3.Web\DSDIndestructibles3.Web.csproj", "{65C62153-F34A-405D-A3E8-384D04478864}"
EndProject
Project("{2150E333-8FDC-42A3-9474-1A3956D46DE8}") = "DSDIndestructibles3.UI", "DSDIndestructibles3.UI", "{E5D2D16D-7191-4315-B16E-AAA68849A0A0}"
EndProject
Global
	GlobalSection(SolutionConfigurationPlatforms) = preSolution
		Debug|Any CPU = Debug|Any CPU
		Release|Any CPU = Release|Any CPU
	EndGlobalSection
	GlobalSection(ProjectConfigurationPlatforms) = postSolution
		{65C62153-F34A-405D-A3E8-384D04478864}.Debug|Any CPU.ActiveCfg = Debug|Any CPU
		{65C62153-F34A-405D-A3E8-384D04478864}.Debug|Any CPU.Build.0 = Debug|Any CPU
		{65C62153-F34A-405D-A3E8-384D04478864}.Release|Any CPU.ActiveCfg = Release|Any CPU
		{65C62153-F34A-405D-A3E8-384D04478864}.Release|Any CPU.Build.0 = Release|Any CPU
	EndGlobalSection
	GlobalSection(SolutionProperties) = preSolution
		HideSolutionNode = FALSE
	EndGlobalSection
	GlobalSection(NestedProjects) = preSolution
		{65C62153-F34A-405D-A3E8-384D04478864} = {E5D2D16D-7191-4315-B16E-AAA68849A0A0}
	EndGlobalSection
EndGlobal
